// !$*UTF8*$!
{
	archiveVersion = 1;
	classes = {
	};
	objectVersion = 46;
	objects = {

/* Begin PBXBuildFile section */
		2ABA56141BF9EDB700957B10 /* ZYTabbarController.m in Sources */ = {isa = PBXBuildFile; fileRef = 2ABA56131BF9EDB700957B10 /* ZYTabbarController.m */; };
		2ACCA98A1BF85CED00015259 /* main.m in Sources */ = {isa = PBXBuildFile; fileRef = 2ACCA9891BF85CED00015259 /* main.m */; };
		2ACCA98D1BF85CED00015259 /* AppDelegate.m in Sources */ = {isa = PBXBuildFile; fileRef = 2ACCA98C1BF85CED00015259 /* AppDelegate.m */; };
		2ACCA9951BF85CED00015259 /* Images.xcassets in Resources */ = {isa = PBXBuildFile; fileRef = 2ACCA9941BF85CED00015259 /* Images.xcassets */; };
		2ACCA9A41BF85CED00015259 /* SInaWeiBoTests.m in Sources */ = {isa = PBXBuildFile; fileRef = 2ACCA9A31BF85CED00015259 /* SInaWeiBoTests.m */; };
		476B405C1BFACA7D004347AF /* ZYTabBar.m in Sources */ = {isa = PBXBuildFile; fileRef = 476B405B1BFACA7D004347AF /* ZYTabBar.m */; };
		476B405F1BFB0826004347AF /* UIView+Frame.m in Sources */ = {isa = PBXBuildFile; fileRef = 476B405E1BFB0826004347AF /* UIView+Frame.m */; };
		BE431C098544C1FEF49073DC /* libPods.a in Frameworks */ = {isa = PBXBuildFile; fileRef = BC3C4FBDF7CED670E5CD5265 /* libPods.a */; };
/* End PBXBuildFile section */

/* Begin PBXContainerItemProxy section */
		2ACCA99E1BF85CED00015259 /* PBXContainerItemProxy */ = {
			isa = PBXContainerItemProxy;
			containerPortal = 2ACCA97C1BF85CEC00015259 /* Project object */;
			proxyType = 1;
			remoteGlobalIDString = 2ACCA9831BF85CEC00015259;
			remoteInfo = SInaWeiBo;
		};
/* End PBXContainerItemProxy section */

/* Begin PBXFileReference section */
		080875D7BD25AEBC05C95E61 /* Pods.release.xcconfig */ = {isa = PBXFileReference; includeInIndex = 1; lastKnownFileType = text.xcconfig; name = Pods.release.xcconfig; path = "Pods/Target Support Files/Pods/Pods.release.xcconfig"; sourceTree = "<group>"; };
		2A8E8AA31BF8D414001B617A /* IWWeiBo.pch */ = {isa = PBXFileReference; fileEncoding = 4; lastKnownFileType = sourcecode.c.h; path = IWWeiBo.pch; sourceTree = "<group>"; };
		2ABA56121BF9EDB700957B10 /* ZYTabbarController.h */ = {isa = PBXFileReference; fileEncoding = 4; lastKnownFileType = sourcecode.c.h; path = ZYTabbarController.h; sourceTree = "<group>"; };
		2ABA56131BF9EDB700957B10 /* ZYTabbarController.m */ = {isa = PBXFileReference; fileEncoding = 4; lastKnownFileType = sourcecode.c.objc; path = ZYTabbarController.m; sourceTree = "<group>"; };
		2ACCA9841BF85CEC00015259 /* SInaWeiBo.app */ = {isa = PBXFileReference; explicitFileType = wrapper.application; includeInIndex = 0; path = SInaWeiBo.app; sourceTree = BUILT_PRODUCTS_DIR; };
		2ACCA9881BF85CED00015259 /* Info.plist */ = {isa = PBXFileReference; lastKnownFileType = text.plist.xml; path = Info.plist; sourceTree = "<group>"; };
		2ACCA9891BF85CED00015259 /* main.m */ = {isa = PBXFileReference; lastKnownFileType = sourcecode.c.objc; path = main.m; sourceTree = "<group>"; };
		2ACCA98B1BF85CED00015259 /* AppDelegate.h */ = {isa = PBXFileReference; lastKnownFileType = sourcecode.c.h; path = AppDelegate.h; sourceTree = "<group>"; };
		2ACCA98C1BF85CED00015259 /* AppDelegate.m */ = {isa = PBXFileReference; lastKnownFileType = sourcecode.c.objc; path = AppDelegate.m; sourceTree = "<group>"; };
		2ACCA9941BF85CED00015259 /* Images.xcassets */ = {isa = PBXFileReference; lastKnownFileType = folder.assetcatalog; path = Images.xcassets; sourceTree = "<group>"; };
		2ACCA99D1BF85CED00015259 /* SInaWeiBoTests.xctest */ = {isa = PBXFileReference; explicitFileType = wrapper.cfbundle; includeInIndex = 0; path = SInaWeiBoTests.xctest; sourceTree = BUILT_PRODUCTS_DIR; };
		2ACCA9A21BF85CED00015259 /* Info.plist */ = {isa = PBXFileReference; lastKnownFileType = text.plist.xml; path = Info.plist; sourceTree = "<group>"; };
		2ACCA9A31BF85CED00015259 /* SInaWeiBoTests.m */ = {isa = PBXFileReference; lastKnownFileType = sourcecode.c.objc; path = SInaWeiBoTests.m; sourceTree = "<group>"; };
		467752EE377832124F26EDAE /* Pods.debug.xcconfig */ = {isa = PBXFileReference; includeInIndex = 1; lastKnownFileType = text.xcconfig; name = Pods.debug.xcconfig; path = "Pods/Target Support Files/Pods/Pods.debug.xcconfig"; sourceTree = "<group>"; };
		476B405A1BFACA7D004347AF /* ZYTabBar.h */ = {isa = PBXFileReference; fileEncoding = 4; lastKnownFileType = sourcecode.c.h; path = ZYTabBar.h; sourceTree = "<group>"; };
		476B405B1BFACA7D004347AF /* ZYTabBar.m */ = {isa = PBXFileReference; fileEncoding = 4; lastKnownFileType = sourcecode.c.objc; path = ZYTabBar.m; sourceTree = "<group>"; };
		476B405D1BFB0826004347AF /* UIView+Frame.h */ = {isa = PBXFileReference; fileEncoding = 4; lastKnownFileType = sourcecode.c.h; path = "UIView+Frame.h"; sourceTree = "<group>"; };
		476B405E1BFB0826004347AF /* UIView+Frame.m */ = {isa = PBXFileReference; fileEncoding = 4; lastKnownFileType = sourcecode.c.objc; path = "UIView+Frame.m"; sourceTree = "<group>"; };
		BC3C4FBDF7CED670E5CD5265 /* libPods.a */ = {isa = PBXFileReference; explicitFileType = archive.ar; includeInIndex = 0; path = libPods.a; sourceTree = BUILT_PRODUCTS_DIR; };
/* End PBXFileReference section */

/* Begin PBXFrameworksBuildPhase section */
		2ACCA9811BF85CEC00015259 /* Frameworks */ = {
			isa = PBXFrameworksBuildPhase;
			buildActionMask = 2147483647;
			files = (
				BE431C098544C1FEF49073DC /* libPods.a in Frameworks */,
			);
			runOnlyForDeploymentPostprocessing = 0;
		};
		2ACCA99A1BF85CED00015259 /* Frameworks */ = {
			isa = PBXFrameworksBuildPhase;
			buildActionMask = 2147483647;
			files = (
			);
			runOnlyForDeploymentPostprocessing = 0;
		};
/* End PBXFrameworksBuildPhase section */

/* Begin PBXGroup section */
		2ACCA97B1BF85CEC00015259 = {
			isa = PBXGroup;
			children = (
				2ACCA9861BF85CEC00015259 /* SInaWeiBo */,
				2ACCA9A01BF85CED00015259 /* SInaWeiBoTests */,
				2ACCA9851BF85CEC00015259 /* Products */,
				69CFAEC0FD4BCD481D81B9F1 /* Pods */,
				9A75C6FFB2EFE2DB877D855B /* Frameworks */,
			);
			sourceTree = "<group>";
		};
		2ACCA9851BF85CEC00015259 /* Products */ = {
			isa = PBXGroup;
			children = (
				2ACCA9841BF85CEC00015259 /* SInaWeiBo.app */,
				2ACCA99D1BF85CED00015259 /* SInaWeiBoTests.xctest */,
			);
			name = Products;
			sourceTree = "<group>";
		};
		2ACCA9861BF85CEC00015259 /* SInaWeiBo */ = {
			isa = PBXGroup;
			children = (
				2ACCA98B1BF85CED00015259 /* AppDelegate.h */,
				2ACCA98C1BF85CED00015259 /* AppDelegate.m */,
				2ABA56121BF9EDB700957B10 /* ZYTabbarController.h */,
				2ABA56131BF9EDB700957B10 /* ZYTabbarController.m */,
				476B405A1BFACA7D004347AF /* ZYTabBar.h */,
				476B405B1BFACA7D004347AF /* ZYTabBar.m */,
				476B405D1BFB0826004347AF /* UIView+Frame.h */,
				476B405E1BFB0826004347AF /* UIView+Frame.m */,
				2A8E8AA31BF8D414001B617A /* IWWeiBo.pch */,
				2ACCA9941BF85CED00015259 /* Images.xcassets */,
				2ACCA9871BF85CED00015259 /* Supporting Files */,
			);
			path = SInaWeiBo;
			sourceTree = "<group>";
		};
		2ACCA9871BF85CED00015259 /* Supporting Files */ = {
			isa = PBXGroup;
			children = (
				2ACCA9881BF85CED00015259 /* Info.plist */,
				2ACCA9891BF85CED00015259 /* main.m */,
			);
			name = "Supporting Files";
			sourceTree = "<group>";
		};
		2ACCA9A01BF85CED00015259 /* SInaWeiBoTests */ = {
			isa = PBXGroup;
			children = (
				2ACCA9A31BF85CED00015259 /* SInaWeiBoTests.m */,
				2ACCA9A11BF85CED00015259 /* Supporting Files */,
			);
			path = SInaWeiBoTests;
			sourceTree = "<group>";
		};
		2ACCA9A11BF85CED00015259 /* Supporting Files */ = {
			isa = PBXGroup;
			children = (
				2ACCA9A21BF85CED00015259 /* Info.plist */,
			);
			name = "Supporting Files";
			sourceTree = "<group>";
		};
		69CFAEC0FD4BCD481D81B9F1 /* Pods */ = {
			isa = PBXGroup;
			children = (
				467752EE377832124F26EDAE /* Pods.debug.xcconfig */,
				080875D7BD25AEBC05C95E61 /* Pods.release.xcconfig */,
			);
			name = Pods;
			sourceTree = "<group>";
		};
		9A75C6FFB2EFE2DB877D855B /* Frameworks */ = {
			isa = PBXGroup;
			children = (
				BC3C4FBDF7CED670E5CD5265 /* libPods.a */,
			);
			name = Frameworks;
			sourceTree = "<group>";
		};
/* End PBXGroup section */

/* Begin PBXNativeTarget section */
		2ACCA9831BF85CEC00015259 /* SInaWeiBo */ = {
			isa = PBXNativeTarget;
			buildConfigurationList = 2ACCA9A71BF85CED00015259 /* Build configuration list for PBXNativeTarget "SInaWeiBo" */;
			buildPhases = (
				0AD5F3D7BCD36720E7D9A8C2 /* Check Pods Manifest.lock */,
				2ACCA9801BF85CEC00015259 /* Sources */,
				2ACCA9811BF85CEC00015259 /* Frameworks */,
				2ACCA9821BF85CEC00015259 /* Resources */,
				A5671EC2EDDCE2E274B5A1F8 /* Embed Pods Frameworks */,
				D9D3A6A3F07A2023219D7431 /* Copy Pods Resources */,
			);
			buildRules = (
			);
			dependencies = (
			);
			name = SInaWeiBo;
			productName = SInaWeiBo;
			productReference = 2ACCA9841BF85CEC00015259 /* SInaWeiBo.app */;
			productType = "com.apple.product-type.application";
		};
		2ACCA99C1BF85CED00015259 /* SInaWeiBoTests */ = {
			isa = PBXNativeTarget;
			buildConfigurationList = 2ACCA9AA1BF85CED00015259 /* Build configuration list for PBXNativeTarget "SInaWeiBoTests" */;
			buildPhases = (
				2ACCA9991BF85CED00015259 /* Sources */,
				2ACCA99A1BF85CED00015259 /* Frameworks */,
				2ACCA99B1BF85CED00015259 /* Resources */,
			);
			buildRules = (
			);
			dependencies = (
				2ACCA99F1BF85CED00015259 /* PBXTargetDependency */,
			);
			name = SInaWeiBoTests;
			productName = SInaWeiBoTests;
			productReference = 2ACCA99D1BF85CED00015259 /* SInaWeiBoTests.xctest */;
			productType = "com.apple.product-type.bundle.unit-test";
		};
/* End PBXNativeTarget section */

/* Begin PBXProject section */
		2ACCA97C1BF85CEC00015259 /* Project object */ = {
			isa = PBXProject;
			attributes = {
				CLASSPREFIX = ZY;
				LastUpgradeCheck = 0620;
				ORGANIZATIONNAME = "张瑜";
				TargetAttributes = {
					2ACCA9831BF85CEC00015259 = {
						CreatedOnToolsVersion = 6.2;
					};
					2ACCA99C1BF85CED00015259 = {
						CreatedOnToolsVersion = 6.2;
						TestTargetID = 2ACCA9831BF85CEC00015259;
					};
				};
			};
			buildConfigurationList = 2ACCA97F1BF85CEC00015259 /* Build configuration list for PBXProject "SInaWeiBo" */;
			compatibilityVersion = "Xcode 3.2";
			developmentRegion = English;
			hasScannedForEncodings = 0;
			knownRegions = (
				en,
				Base,
			);
			mainGroup = 2ACCA97B1BF85CEC00015259;
			productRefGroup = 2ACCA9851BF85CEC00015259 /* Products */;
			projectDirPath = "";
			projectRoot = "";
			targets = (
				2ACCA9831BF85CEC00015259 /* SInaWeiBo */,
				2ACCA99C1BF85CED00015259 /* SInaWeiBoTests */,
			);
		};
/* End PBXProject section */

/* Begin PBXResourcesBuildPhase section */
		2ACCA9821BF85CEC00015259 /* Resources */ = {
			isa = PBXResourcesBuildPhase;
			buildActionMask = 2147483647;
			files = (
				2ACCA9951BF85CED00015259 /* Images.xcassets in Resources */,
			);
			runOnlyForDeploymentPostprocessing = 0;
		};
		2ACCA99B1BF85CED00015259 /* Resources */ = {
			isa = PBXResourcesBuildPhase;
			buildActionMask = 2147483647;
			files = (
			);
			runOnlyForDeploymentPostprocessing = 0;
		};
/* End PBXResourcesBuildPhase section */

/* Begin PBXShellScriptBuildPhase section */
		0AD5F3D7BCD36720E7D9A8C2 /* Check Pods Manifest.lock */ = {
			isa = PBXShellScriptBuildPhase;
			buildActionMask = 2147483647;
			files = (
			);
			inputPaths = (
			);
			name = "Check Pods Manifest.lock";
			outputPaths = (
			);
			runOnlyForDeploymentPostprocessing = 0;
			shellPath = /bin/sh;
			shellScript = "diff \"${PODS_ROOT}/../Podfile.lock\" \"${PODS_ROOT}/Manifest.lock\" > /dev/null\nif [[ $? != 0 ]] ; then\n    cat << EOM\nerror: The sandbox is not in sync with the Podfile.lock. Run 'pod install' or update your CocoaPods installation.\nEOM\n    exit 1\nfi\n";
			showEnvVarsInLog = 0;
		};
		A5671EC2EDDCE2E274B5A1F8 /* Embed Pods Frameworks */ = {
			isa = PBXShellScriptBuildPhase;
			buildActionMask = 2147483647;
			files = (
			);
			inputPaths = (
			);
			name = "Embed Pods Frameworks";
			outputPaths = (
			);
			runOnlyForDeploymentPostprocessing = 0;
			shellPath = /bin/sh;
			shellScript = "\"${SRCROOT}/Pods/Target Support Files/Pods/Pods-frameworks.sh\"\n";
			showEnvVarsInLog = 0;
		};
		D9D3A6A3F07A2023219D7431 /* Copy Pods Resources */ = {
			isa = PBXShellScriptBuildPhase;
			buildActionMask = 2147483647;
			files = (
			);
			inputPaths = (
			);
			name = "Copy Pods Resources";
			outputPaths = (
			);
			runOnlyForDeploymentPostprocessing = 0;
			shellPath = /bin/sh;
			shellScript = "\"${SRCROOT}/Pods/Target Support Files/Pods/Pods-resources.sh\"\n";
			showEnvVarsInLog = 0;
		};
/* End PBXShellScriptBuildPhase section */

/* Begin PBXSourcesBuildPhase section */
		2ACCA9801BF85CEC00015259 /* Sources */ = {
			isa = PBXSourcesBuildPhase;
			buildActionMask = 2147483647;
			files = (
				476B405C1BFACA7D004347AF /* ZYTabBar.m in Sources */,
				2ACCA98D1BF85CED00015259 /* AppDelegate.m in Sources */,
				2ACCA98A1BF85CED00015259 /* main.m in Sources */,
				476B405F1BFB0826004347AF /* UIView+Frame.m in Sources */,
				2ABA56141BF9EDB700957B10 /* ZYTabbarController.m in Sources */,
			);
			runOnlyForDeploymentPostprocessing = 0;
		};
		2ACCA9991BF85CED00015259 /* Sources */ = {
			isa = PBXSourcesBuildPhase;
			buildActionMask = 2147483647;
			files = (
				2ACCA9A41BF85CED00015259 /* SInaWeiBoTests.m in Sources */,
			);
			runOnlyForDeploymentPostprocessing = 0;
		};
/* End PBXSourcesBuildPhase section */

/* Begin PBXTargetDependency section */
		2ACCA99F1BF85CED00015259 /* PBXTargetDependency */ = {
			isa = PBXTargetDependency;
			target = 2ACCA9831BF85CEC00015259 /* SInaWeiBo */;
			targetProxy = 2ACCA99E1BF85CED00015259 /* PBXContainerItemProxy */;
		};
/* End PBXTargetDependency section */

/* Begin XCBuildConfiguration section */
		2ACCA9A51BF85CED00015259 /* Debug */ = {
			isa = XCBuildConfiguration;
			buildSettings = {
				ALWAYS_SEARCH_USER_PATHS = NO;
				CLANG_CXX_LANGUAGE_STANDARD = "gnu++0x";
				CLANG_CXX_LIBRARY = "libc++";
				CLANG_ENABLE_MODULES = YES;
				CLANG_ENABLE_OBJC_ARC = YES;
				CLANG_WARN_BOOL_CONVERSION = YES;
				CLANG_WARN_CONSTANT_CONVERSION = YES;
				CLANG_WARN_DIRECT_OBJC_ISA_USAGE = YES_ERROR;
				CLANG_WARN_EMPTY_BODY = YES;
				CLANG_WARN_ENUM_CONVERSION = YES;
				CLANG_WARN_INT_CONVERSION = YES;
				CLANG_WARN_OBJC_ROOT_CLASS = YES_ERROR;
				CLANG_WARN_UNREACHABLE_CODE = YES;
				CLANG_WARN__DUPLICATE_METHOD_MATCH = YES;
				"CODE_SIGN_IDENTITY[sdk=iphoneos*]" = "iPhone Developer";
				COPY_PHASE_STRIP = NO;
				ENABLE_STRICT_OBJC_MSGSEND = YES;
				GCC_C_LANGUAGE_STANDARD = gnu99;
				GCC_DYNAMIC_NO_PIC = NO;
				GCC_OPTIMIZATION_LEVEL = 0;
				GCC_PREFIX_HEADER = "";
				GCC_PREPROCESSOR_DEFINITIONS = (
					"DEBUG=1",
					"$(inherited)",
				);
				GCC_SYMBOLS_PRIVATE_EXTERN = NO;
				GCC_WARN_64_TO_32_BIT_CONVERSION = YES;
				GCC_WARN_ABOUT_RETURN_TYPE = YES_ERROR;
				GCC_WARN_UNDECLARED_SELECTOR = YES;
				GCC_WARN_UNINITIALIZED_AUTOS = YES_AGGRESSIVE;
				GCC_WARN_UNUSED_FUNCTION = YES;
				GCC_WARN_UNUSED_VARIABLE = YES;
				IPHONEOS_DEPLOYMENT_TARGET = 8.2;
				MTL_ENABLE_DEBUG_INFO = YES;
				ONLY_ACTIVE_ARCH = YES;
				SDKROOT = iphoneos;
			};
			name = Debug;
		};
		2ACCA9A61BF85CED00015259 /* Release */ = {
			isa = XCBuildConfiguration;
			buildSettings = {
				ALWAYS_SEARCH_USER_PATHS = NO;
				CLANG_CXX_LANGUAGE_STANDARD = "gnu++0x";
				CLANG_CXX_LIBRARY = "libc++";
				CLANG_ENABLE_MODULES = YES;
				CLANG_ENABLE_OBJC_ARC = YES;
				CLANG_WARN_BOOL_CONVERSION = YES;
				CLANG_WARN_CONSTANT_CONVERSION = YES;
				CLANG_WARN_DIRECT_OBJC_ISA_USAGE = YES_ERROR;
				CLANG_WARN_EMPTY_BODY = YES;
				CLANG_WARN_ENUM_CONVERSION = YES;
				CLANG_WARN_INT_CONVERSION = YES;
				CLANG_WARN_OBJC_ROOT_CLASS = YES_ERROR;
				CLANG_WARN_UNREACHABLE_CODE = YES;
				CLANG_WARN__DUPLICATE_METHOD_MATCH = YES;
				"CODE_SIGN_IDENTITY[sdk=iphoneos*]" = "iPhone Developer";
				COPY_PHASE_STRIP = NO;
				ENABLE_NS_ASSERTIONS = NO;
				ENABLE_STRICT_OBJC_MSGSEND = YES;
				GCC_C_LANGUAGE_STANDARD = gnu99;
				GCC_PREFIX_HEADER = "";
				GCC_WARN_64_TO_32_BIT_CONVERSION = YES;
				GCC_WARN_ABOUT_RETURN_TYPE = YES_ERROR;
				GCC_WARN_UNDECLARED_SELECTOR = YES;
				GCC_WARN_UNINITIALIZED_AUTOS = YES_AGGRESSIVE;
				GCC_WARN_UNUSED_FUNCTION = YES;
				GCC_WARN_UNUSED_VARIABLE = YES;
				IPHONEOS_DEPLOYMENT_TARGET = 8.2;
				MTL_ENABLE_DEBUG_INFO = NO;
				SDKROOT = iphoneos;
				VALIDATE_PRODUCT = YES;
			};
			name = Release;
		};
		2ACCA9A81BF85CED00015259 /* Debug */ = {
			isa = XCBuildConfiguration;
			baseConfigurationReference = 467752EE377832124F26EDAE /* Pods.debug.xcconfig */;
			buildSettings = {
				ASSETCATALOG_COMPILER_APPICON_NAME = AppIcon;
				ASSETCATALOG_COMPILER_LAUNCHIMAGE_NAME = LaunchImage;
				GCC_PREFIX_HEADER = "$(SRCROOT)/SInaWeiBo/IWWeiBo.pch";
				INFOPLIST_FILE = SInaWeiBo/Info.plist;
				LD_RUNPATH_SEARCH_PATHS = "$(inherited) @executable_path/Frameworks";
				PRODUCT_NAME = "$(TARGET_NAME)";
			};
			name = Debug;
		};
		2ACCA9A91BF85CED00015259 /* Release */ = {
			isa = XCBuildConfiguration;
			baseConfigurationReference = 080875D7BD25AEBC05C95E61 /* Pods.release.xcconfig */;
			buildSettings = {
				ASSETCATALOG_COMPILER_APPICON_NAME = AppIcon;
				ASSETCATALOG_COMPILER_LAUNCHIMAGE_NAME = LaunchImage;
				GCC_PREFIX_HEADER = "$(SRCROOT)/SInaWeiBo/IWWeiBo.pch";
				INFOPLIST_FILE = SInaWeiBo/Info.plist;
				LD_RUNPATH_SEARCH_PATHS = "$(inherited) @executable_path/Frameworks";
				PRODUCT_NAME = "$(TARGET_NAME)";
			};
			name = Release;
		};
		2ACCA9AB1BF85CED00015259 /* Debug */ = {
			isa = XCBuildConfiguration;
			buildSettings = {
				BUNDLE_LOADER = "$(TEST_HOST)";
				FRAMEWORK_SEARCH_PATHS = (
					"$(SDKROOT)/Developer/Library/Frameworks",
					"$(inherited)",
				);
				GCC_PREPROCESSOR_DEFINITIONS = (
					"DEBUG=1",
					"$(inherited)",
				);
				INFOPLIST_FILE = SInaWeiBoTests/Info.plist;
				LD_RUNPATH_SEARCH_PATHS = "$(inherited) @executable_path/Frameworks @loader_path/Frameworks";
				PRODUCT_NAME = "$(TARGET_NAME)";
				TEST_HOST = "$(BUILT_PRODUCTS_DIR)/SInaWeiBo.app/SInaWeiBo";
			};
			name = Debug;
		};
		2ACCA9AC1BF85CED00015259 /* Release */ = {
			isa = XCBuildConfiguration;
			buildSettings = {
				BUNDLE_LOADER = "$(TEST_HOST)";
				FRAMEWORK_SEARCH_PATHS = (
					"$(SDKROOT)/Developer/Library/Frameworks",
					"$(inherited)",
				);
				INFOPLIST_FILE = SInaWeiBoTests/Info.plist;
				LD_RUNPATH_SEARCH_PATHS = "$(inherited) @executable_path/Frameworks @loader_path/Frameworks";
				PRODUCT_NAME = "$(TARGET_NAME)";
				TEST_HOST = "$(BUILT_PRODUCTS_DIR)/SInaWeiBo.app/SInaWeiBo";
			};
			name = Release;
		};
/* End XCBuildConfiguration section */

/* Begin XCConfigurationList section */
		2ACCA97F1BF85CEC00015259 /* Build configuration list for PBXProject "SInaWeiBo" */ = {
			isa = XCConfigurationList;
			buildConfigurations = (
				2ACCA9A51BF85CED00015259 /* Debug */,
				2ACCA9A61BF85CED00015259 /* Release */,
			);
			defaultConfigurationIsVisible = 0;
			defaultConfigurationName = Release;
		};
		2ACCA9A71BF85CED00015259 /* Build configuration list for PBXNativeTarget "SInaWeiBo" */ = {
			isa = XCConfigurationList;
			buildConfigurations = (
				2ACCA9A81BF85CED00015259 /* Debug */,
				2ACCA9A91BF85CED00015259 /* Release */,
			);
			defaultConfigurationIsVisible = 0;
			defaultConfigurationName = Release;
		};
		2ACCA9AA1BF85CED00015259 /* Build configuration list for PBXNativeTarget "SInaWeiBoTests" */ = {
			isa = XCConfigurationList;
			buildConfigurations = (
				2ACCA9AB1BF85CED00015259 /* Debug */,
				2ACCA9AC1BF85CED00015259 /* Release */,
			);
			defaultConfigurationIsVisible = 0;
			defaultConfigurationName = Release;
		};
/* End XCConfigurationList section */
	};
	rootObject = 2ACCA97C1BF85CEC00015259 /* Project object */;
}
