// !$*UTF8*$!
{
	archiveVersion = 1;
	classes = {
	};
	objectVersion = 46;
	objects = {

/* Begin PBXBuildFile section */
		2A52DAB41C21A8D200A6DD55 /* ZYTool.m in Sources */ = {isa = PBXBuildFile; fileRef = 2A52DAB31C21A8D200A6DD55 /* ZYTool.m */; };
		2A52DAB71C21ADD300A6DD55 /* UIBarButtonItem+Extension.m in Sources */ = {isa = PBXBuildFile; fileRef = 2A52DAB61C21ADD300A6DD55 /* UIBarButtonItem+Extension.m */; };
		2A7AECCA1C2FA39300D72980 /* ZYTitleButton.m in Sources */ = {isa = PBXBuildFile; fileRef = 2A7AECC91C2FA39300D72980 /* ZYTitleButton.m */; };
		2A8ACB941C26B28300BE976A /* ZYScanViewController.m in Sources */ = {isa = PBXBuildFile; fileRef = 2A8ACB931C26B28300BE976A /* ZYScanViewController.m */; };
		2A8ACB961C26B30600BE976A /* ZYScanViewController.storyboard in Resources */ = {isa = PBXBuildFile; fileRef = 2A8ACB951C26B30600BE976A /* ZYScanViewController.storyboard */; };
		2A8ACB991C26BCBF00BE976A /* ZYQrcodeViewController.m in Sources */ = {isa = PBXBuildFile; fileRef = 2A8ACB981C26BCBF00BE976A /* ZYQrcodeViewController.m */; };
		2A8ACB9C1C26BCE100BE976A /* ZYBarCodeViewController.m in Sources */ = {isa = PBXBuildFile; fileRef = 2A8ACB9B1C26BCE100BE976A /* ZYBarCodeViewController.m */; };
		2ABA56141BF9EDB700957B10 /* ZYTabbarController.m in Sources */ = {isa = PBXBuildFile; fileRef = 2ABA56131BF9EDB700957B10 /* ZYTabbarController.m */; };
		2ACCA98A1BF85CED00015259 /* main.m in Sources */ = {isa = PBXBuildFile; fileRef = 2ACCA9891BF85CED00015259 /* main.m */; };
		2ACCA98D1BF85CED00015259 /* AppDelegate.m in Sources */ = {isa = PBXBuildFile; fileRef = 2ACCA98C1BF85CED00015259 /* AppDelegate.m */; };
		2ACCA9951BF85CED00015259 /* Images.xcassets in Resources */ = {isa = PBXBuildFile; fileRef = 2ACCA9941BF85CED00015259 /* Images.xcassets */; };
		2ACCA9A41BF85CED00015259 /* SInaWeiBoTests.m in Sources */ = {isa = PBXBuildFile; fileRef = 2ACCA9A31BF85CED00015259 /* SInaWeiBoTests.m */; };
		2AFD5FB31C1DC330007E7F14 /* ZYMessageViewController.m in Sources */ = {isa = PBXBuildFile; fileRef = 2AFD5FB21C1DC330007E7F14 /* ZYMessageViewController.m */; };
		2AFD5FB61C1DC348007E7F14 /* ZYProfileViewController.m in Sources */ = {isa = PBXBuildFile; fileRef = 2AFD5FB51C1DC348007E7F14 /* ZYProfileViewController.m */; };
		2AFD5FB91C1DC35E007E7F14 /* ZYDiscoverViewController.m in Sources */ = {isa = PBXBuildFile; fileRef = 2AFD5FB81C1DC35E007E7F14 /* ZYDiscoverViewController.m */; };
		2AFD5FBC1C1DC37A007E7F14 /* ZYHomeViewController.m in Sources */ = {isa = PBXBuildFile; fileRef = 2AFD5FBB1C1DC37A007E7F14 /* ZYHomeViewController.m */; };
		476B405C1BFACA7D004347AF /* ZYTabBar.m in Sources */ = {isa = PBXBuildFile; fileRef = 476B405B1BFACA7D004347AF /* ZYTabBar.m */; };
		476B405F1BFB0826004347AF /* UIView+Frame.m in Sources */ = {isa = PBXBuildFile; fileRef = 476B405E1BFB0826004347AF /* UIView+Frame.m */; };
		476B40621BFB1F91004347AF /* ZYTabbar2.m in Sources */ = {isa = PBXBuildFile; fileRef = 476B40611BFB1F91004347AF /* ZYTabbar2.m */; };
		476B40651BFB3776004347AF /* ZYTabBarButton.m in Sources */ = {isa = PBXBuildFile; fileRef = 476B40641BFB3776004347AF /* ZYTabBarButton.m */; };
		BE431C098544C1FEF49073DC /* libPods.a in Frameworks */ = {isa = PBXBuildFile; fileRef = BC3C4FBDF7CED670E5CD5265 /* libPods.a */; };
/* End PBXBuildFile section */

/* Begin PBXContainerItemProxy section */
		2ACCA99E1BF85CED00015259 /* PBXContainerItemProxy */ = {
			isa = PBXContainerItemProxy;
			containerPortal = 2ACCA97C1BF85CEC00015259 /* Project object */;
			proxyType = 1;
			remoteGlobalIDString = 2ACCA9831BF85CEC00015259;
			remoteInfo = SInaWeiBo;
		};
/* End PBXContainerItemProxy section */

/* Begin PBXFileReference section */
		080875D7BD25AEBC05C95E61 /* Pods.release.xcconfig */ = {isa = PBXFileReference; includeInIndex = 1; lastKnownFileType = text.xcconfig; name = Pods.release.xcconfig; path = "Pods/Target Support Files/Pods/Pods.release.xcconfig"; sourceTree = "<group>"; };
		2A52DAB21C21A8D200A6DD55 /* ZYTool.h */ = {isa = PBXFileReference; fileEncoding = 4; lastKnownFileType = sourcecode.c.h; name = ZYTool.h; path = Images.xcassets/ZYTool.h; sourceTree = "<group>"; };
		2A52DAB31C21A8D200A6DD55 /* ZYTool.m */ = {isa = PBXFileReference; fileEncoding = 4; lastKnownFileType = sourcecode.c.objc; name = ZYTool.m; path = Images.xcassets/ZYTool.m; sourceTree = "<group>"; };
		2A52DAB51C21ADD300A6DD55 /* UIBarButtonItem+Extension.h */ = {isa = PBXFileReference; fileEncoding = 4; lastKnownFileType = sourcecode.c.h; path = "UIBarButtonItem+Extension.h"; sourceTree = "<group>"; };
		2A52DAB61C21ADD300A6DD55 /* UIBarButtonItem+Extension.m */ = {isa = PBXFileReference; fileEncoding = 4; lastKnownFileType = sourcecode.c.objc; path = "UIBarButtonItem+Extension.m"; sourceTree = "<group>"; };
		2A7AECC81C2FA39300D72980 /* ZYTitleButton.h */ = {isa = PBXFileReference; fileEncoding = 4; lastKnownFileType = sourcecode.c.h; path = ZYTitleButton.h; sourceTree = "<group>"; };
		2A7AECC91C2FA39300D72980 /* ZYTitleButton.m */ = {isa = PBXFileReference; fileEncoding = 4; lastKnownFileType = sourcecode.c.objc; path = ZYTitleButton.m; sourceTree = "<group>"; };
		2A8ACB921C26B28300BE976A /* ZYScanViewController.h */ = {isa = PBXFileReference; fileEncoding = 4; lastKnownFileType = sourcecode.c.h; path = ZYScanViewController.h; sourceTree = "<group>"; };
		2A8ACB931C26B28300BE976A /* ZYScanViewController.m */ = {isa = PBXFileReference; fileEncoding = 4; lastKnownFileType = sourcecode.c.objc; path = ZYScanViewController.m; sourceTree = "<group>"; };
		2A8ACB951C26B30600BE976A /* ZYScanViewController.storyboard */ = {isa = PBXFileReference; fileEncoding = 4; lastKnownFileType = file.storyboard; path = ZYScanViewController.storyboard; sourceTree = "<group>"; };
		2A8ACB971C26BCBF00BE976A /* ZYQrcodeViewController.h */ = {isa = PBXFileReference; fileEncoding = 4; lastKnownFileType = sourcecode.c.h; path = ZYQrcodeViewController.h; sourceTree = "<group>"; };
		2A8ACB981C26BCBF00BE976A /* ZYQrcodeViewController.m */ = {isa = PBXFileReference; fileEncoding = 4; lastKnownFileType = sourcecode.c.objc; path = ZYQrcodeViewController.m; sourceTree = "<group>"; };
		2A8ACB9A1C26BCE100BE976A /* ZYBarCodeViewController.h */ = {isa = PBXFileReference; fileEncoding = 4; lastKnownFileType = sourcecode.c.h; path = ZYBarCodeViewController.h; sourceTree = "<group>"; };
		2A8ACB9B1C26BCE100BE976A /* ZYBarCodeViewController.m */ = {isa = PBXFileReference; fileEncoding = 4; lastKnownFileType = sourcecode.c.objc; path = ZYBarCodeViewController.m; sourceTree = "<group>"; };
		2A8E8AA31BF8D414001B617A /* IWWeiBo.pch */ = {isa = PBXFileReference; fileEncoding = 4; lastKnownFileType = sourcecode.c.h; path = IWWeiBo.pch; sourceTree = "<group>"; };
		2ABA56121BF9EDB700957B10 /* ZYTabbarController.h */ = {isa = PBXFileReference; fileEncoding = 4; lastKnownFileType = sourcecode.c.h; path = ZYTabbarController.h; sourceTree = "<group>"; };
		2ABA56131BF9EDB700957B10 /* ZYTabbarController.m */ = {isa = PBXFileReference; fileEncoding = 4; lastKnownFileType = sourcecode.c.objc; path = ZYTabbarController.m; sourceTree = "<group>"; };
		2ACCA9841BF85CEC00015259 /* SInaWeiBo.app */ = {isa = PBXFileReference; explicitFileType = wrapper.application; includeInIndex = 0; path = SInaWeiBo.app; sourceTree = BUILT_PRODUCTS_DIR; };
		2ACCA9881BF85CED00015259 /* Info.plist */ = {isa = PBXFileReference; lastKnownFileType = text.plist.xml; path = Info.plist; sourceTree = "<group>"; };
		2ACCA9891BF85CED00015259 /* main.m */ = {isa = PBXFileReference; lastKnownFileType = sourcecode.c.objc; path = main.m; sourceTree = "<group>"; };
		2ACCA98B1BF85CED00015259 /* AppDelegate.h */ = {isa = PBXFileReference; lastKnownFileType = sourcecode.c.h; path = AppDelegate.h; sourceTree = "<group>"; };
		2ACCA98C1BF85CED00015259 /* AppDelegate.m */ = {isa = PBXFileReference; lastKnownFileType = sourcecode.c.objc; path = AppDelegate.m; sourceTree = "<group>"; };
		2ACCA9941BF85CED00015259 /* Images.xcassets */ = {isa = PBXFileReference; lastKnownFileType = folder.assetcatalog; path = Images.xcassets; sourceTree = "<group>"; };
		2ACCA99D1BF85CED00015259 /* SInaWeiBoTests.xctest */ = {isa = PBXFileReference; explicitFileType = wrapper.cfbundle; includeInIndex = 0; path = SInaWeiBoTests.xctest; sourceTree = BUILT_PRODUCTS_DIR; };
		2ACCA9A21BF85CED00015259 /* Info.plist */ = {isa = PBXFileReference; lastKnownFileType = text.plist.xml; path = Info.plist; sourceTree = "<group>"; };
		2ACCA9A31BF85CED00015259 /* SInaWeiBoTests.m */ = {isa = PBXFileReference; lastKnownFileType = sourcecode.c.objc; path = SInaWeiBoTests.m; sourceTree = "<group>"; };
		2AFD5FB11C1DC330007E7F14 /* ZYMessageViewController.h */ = {isa = PBXFileReference; fileEncoding = 4; lastKnownFileType = sourcecode.c.h; path = ZYMessageViewController.h; sourceTree = "<group>"; };
		2AFD5FB21C1DC330007E7F14 /* ZYMessageViewController.m */ = {isa = PBXFileReference; fileEncoding = 4; lastKnownFileType = sourcecode.c.objc; path = ZYMessageViewController.m; sourceTree = "<group>"; };
		2AFD5FB41C1DC348007E7F14 /* ZYProfileViewController.h */ = {isa = PBXFileReference; fileEncoding = 4; lastKnownFileType = sourcecode.c.h; path = ZYProfileViewController.h; sourceTree = "<group>"; };
		2AFD5FB51C1DC348007E7F14 /* ZYProfileViewController.m */ = {isa = PBXFileReference; fileEncoding = 4; lastKnownFileType = sourcecode.c.objc; path = ZYProfileViewController.m; sourceTree = "<group>"; };
		2AFD5FB71C1DC35E007E7F14 /* ZYDiscoverViewController.h */ = {isa = PBXFileReference; fileEncoding = 4; lastKnownFileType = sourcecode.c.h; path = ZYDiscoverViewController.h; sourceTree = "<group>"; };
		2AFD5FB81C1DC35E007E7F14 /* ZYDiscoverViewController.m */ = {isa = PBXFileReference; fileEncoding = 4; lastKnownFileType = sourcecode.c.objc; path = ZYDiscoverViewController.m; sourceTree = "<group>"; };
		2AFD5FBA1C1DC37A007E7F14 /* ZYHomeViewController.h */ = {isa = PBXFileReference; fileEncoding = 4; lastKnownFileType = sourcecode.c.h; path = ZYHomeViewController.h; sourceTree = "<group>"; };
		2AFD5FBB1C1DC37A007E7F14 /* ZYHomeViewController.m */ = {isa = PBXFileReference; fileEncoding = 4; lastKnownFileType = sourcecode.c.objc; path = ZYHomeViewController.m; sourceTree = "<group>"; };
		467752EE377832124F26EDAE /* Pods.debug.xcconfig */ = {isa = PBXFileReference; includeInIndex = 1; lastKnownFileType = text.xcconfig; name = Pods.debug.xcconfig; path = "Pods/Target Support Files/Pods/Pods.debug.xcconfig"; sourceTree = "<group>"; };
		476B405A1BFACA7D004347AF /* ZYTabBar.h */ = {isa = PBXFileReference; fileEncoding = 4; lastKnownFileType = sourcecode.c.h; path = ZYTabBar.h; sourceTree = "<group>"; };
		476B405B1BFACA7D004347AF /* ZYTabBar.m */ = {isa = PBXFileReference; fileEncoding = 4; lastKnownFileType = sourcecode.c.objc; path = ZYTabBar.m; sourceTree = "<group>"; };
		476B405D1BFB0826004347AF /* UIView+Frame.h */ = {isa = PBXFileReference; fileEncoding = 4; lastKnownFileType = sourcecode.c.h; path = "UIView+Frame.h"; sourceTree = "<group>"; };
		476B405E1BFB0826004347AF /* UIView+Frame.m */ = {isa = PBXFileReference; fileEncoding = 4; lastKnownFileType = sourcecode.c.objc; path = "UIView+Frame.m"; sourceTree = "<group>"; };
		476B40601BFB1F91004347AF /* ZYTabbar2.h */ = {isa = PBXFileReference; fileEncoding = 4; lastKnownFileType = sourcecode.c.h; path = ZYTabbar2.h; sourceTree = "<group>"; };
		476B40611BFB1F91004347AF /* ZYTabbar2.m */ = {isa = PBXFileReference; fileEncoding = 4; lastKnownFileType = sourcecode.c.objc; path = ZYTabbar2.m; sourceTree = "<group>"; };
		476B40631BFB3776004347AF /* ZYTabBarButton.h */ = {isa = PBXFileReference; fileEncoding = 4; lastKnownFileType = sourcecode.c.h; path = ZYTabBarButton.h; sourceTree = "<group>"; };
		476B40641BFB3776004347AF /* ZYTabBarButton.m */ = {isa = PBXFileReference; fileEncoding = 4; lastKnownFileType = sourcecode.c.objc; path = ZYTabBarButton.m; sourceTree = "<group>"; };
		BC3C4FBDF7CED670E5CD5265 /* libPods.a */ = {isa = PBXFileReference; explicitFileType = archive.ar; includeInIndex = 0; path = libPods.a; sourceTree = BUILT_PRODUCTS_DIR; };
/* End PBXFileReference section */

/* Begin PBXFrameworksBuildPhase section */
		2ACCA9811BF85CEC00015259 /* Frameworks */ = {
			isa = PBXFrameworksBuildPhase;
			buildActionMask = 2147483647;
			files = (
				BE431C098544C1FEF49073DC /* libPods.a in Frameworks */,
			);
			runOnlyForDeploymentPostprocessing = 0;
		};
		2ACCA99A1BF85CED00015259 /* Frameworks */ = {
			isa = PBXFrameworksBuildPhase;
			buildActionMask = 2147483647;
			files = (
			);
			runOnlyForDeploymentPostprocessing = 0;
		};
/* End PBXFrameworksBuildPhase section */

/* Begin PBXGroup section */
		2A52DAB11C21A89100A6DD55 /* tool */ = {
			isa = PBXGroup;
			children = (
				2A52DAB21C21A8D200A6DD55 /* ZYTool.h */,
				2A52DAB31C21A8D200A6DD55 /* ZYTool.m */,
			);
			name = tool;
			sourceTree = "<group>";
		};
		2ACCA97B1BF85CEC00015259 = {
			isa = PBXGroup;
			children = (
				2ACCA9861BF85CEC00015259 /* SInaWeiBo */,
				2ACCA9A01BF85CED00015259 /* SInaWeiBoTests */,
				2ACCA9851BF85CEC00015259 /* Products */,
				69CFAEC0FD4BCD481D81B9F1 /* Pods */,
				9A75C6FFB2EFE2DB877D855B /* Frameworks */,
			);
			sourceTree = "<group>";
		};
		2ACCA9851BF85CEC00015259 /* Products */ = {
			isa = PBXGroup;
			children = (
				2ACCA9841BF85CEC00015259 /* SInaWeiBo.app */,
				2ACCA99D1BF85CED00015259 /* SInaWeiBoTests.xctest */,
			);
			name = Products;
			sourceTree = "<group>";
		};
		2ACCA9861BF85CEC00015259 /* SInaWeiBo */ = {
			isa = PBXGroup;
			children = (
				2AFD5F951C1DC06F007E7F14 /* classes */,
				2A8E8AA31BF8D414001B617A /* IWWeiBo.pch */,
				2ACCA9941BF85CED00015259 /* Images.xcassets */,
				2ACCA9871BF85CED00015259 /* Supporting Files */,
			);
			path = SInaWeiBo;
			sourceTree = "<group>";
		};
		2ACCA9871BF85CED00015259 /* Supporting Files */ = {
			isa = PBXGroup;
			children = (
				2ACCA9881BF85CED00015259 /* Info.plist */,
				2ACCA9891BF85CED00015259 /* main.m */,
			);
			name = "Supporting Files";
			sourceTree = "<group>";
		};
		2ACCA9A01BF85CED00015259 /* SInaWeiBoTests */ = {
			isa = PBXGroup;
			children = (
				2ACCA9A31BF85CED00015259 /* SInaWeiBoTests.m */,
				2ACCA9A11BF85CED00015259 /* Supporting Files */,
			);
			path = SInaWeiBoTests;
			sourceTree = "<group>";
		};
		2ACCA9A11BF85CED00015259 /* Supporting Files */ = {
			isa = PBXGroup;
			children = (
				2ACCA9A21BF85CED00015259 /* Info.plist */,
			);
			name = "Supporting Files";
			sourceTree = "<group>";
		};
		2AFD5F951C1DC06F007E7F14 /* classes */ = {
			isa = PBXGroup;
			children = (
				2AFD5FAB1C1DC1F6007E7F14 /* message */,
				2AFD5F9B1C1DC0BF007E7F14 /* other */,
				2AFD5F9A1C1DC0B9007E7F14 /* main */,
				2AFD5F991C1DC099007E7F14 /* profile */,
				2AFD5F981C1DC093007E7F14 /* discover */,
				2AFD5F961C1DC077007E7F14 /* home */,
			);
			name = classes;
			sourceTree = "<group>";
		};
		2AFD5F961C1DC077007E7F14 /* home */ = {
			isa = PBXGroup;
			children = (
				2AFD5FA71C1DC145007E7F14 /* controller */,
				2AFD5FA61C1DC140007E7F14 /* view */,
				2AFD5FA51C1DC138007E7F14 /* model */,
			);
			name = home;
			sourceTree = "<group>";
		};
		2AFD5F981C1DC093007E7F14 /* discover */ = {
			isa = PBXGroup;
			children = (
				2AFD5FA11C1DC114007E7F14 /* controller */,
				2AFD5FA01C1DC108007E7F14 /* view */,
				2AFD5F9F1C1DC0FE007E7F14 /* model */,
			);
			name = discover;
			sourceTree = "<group>";
		};
		2AFD5F991C1DC099007E7F14 /* profile */ = {
			isa = PBXGroup;
			children = (
				2AFD5F9E1C1DC0F1007E7F14 /* controller */,
				2AFD5F9D1C1DC0EA007E7F14 /* view */,
				2AFD5F9C1C1DC0DF007E7F14 /* model */,
			);
			name = profile;
			sourceTree = "<group>";
		};
		2AFD5F9A1C1DC0B9007E7F14 /* main */ = {
			isa = PBXGroup;
			children = (
				2A52DAB11C21A89100A6DD55 /* tool */,
				2AFD5FB01C1DC28D007E7F14 /* libs */,
				2AFD5FAF1C1DC22F007E7F14 /* category */,
				2AFD5FAA1C1DC19A007E7F14 /* controller */,
				2AFD5FA91C1DC192007E7F14 /* view */,
				2AFD5FA81C1DC18A007E7F14 /* model */,
			);
			name = main;
			sourceTree = "<group>";
		};
		2AFD5F9B1C1DC0BF007E7F14 /* other */ = {
			isa = PBXGroup;
			children = (
				2ACCA98B1BF85CED00015259 /* AppDelegate.h */,
				2ACCA98C1BF85CED00015259 /* AppDelegate.m */,
			);
			name = other;
			sourceTree = "<group>";
		};
		2AFD5F9C1C1DC0DF007E7F14 /* model */ = {
			isa = PBXGroup;
			children = (
			);
			name = model;
			sourceTree = "<group>";
		};
		2AFD5F9D1C1DC0EA007E7F14 /* view */ = {
			isa = PBXGroup;
			children = (
			);
			name = view;
			sourceTree = "<group>";
		};
		2AFD5F9E1C1DC0F1007E7F14 /* controller */ = {
			isa = PBXGroup;
			children = (
				2AFD5FB41C1DC348007E7F14 /* ZYProfileViewController.h */,
				2AFD5FB51C1DC348007E7F14 /* ZYProfileViewController.m */,
			);
			name = controller;
			sourceTree = "<group>";
		};
		2AFD5F9F1C1DC0FE007E7F14 /* model */ = {
			isa = PBXGroup;
			children = (
			);
			name = model;
			sourceTree = "<group>";
		};
		2AFD5FA01C1DC108007E7F14 /* view */ = {
			isa = PBXGroup;
			children = (
			);
			name = view;
			sourceTree = "<group>";
		};
		2AFD5FA11C1DC114007E7F14 /* controller */ = {
			isa = PBXGroup;
			children = (
				2AFD5FB71C1DC35E007E7F14 /* ZYDiscoverViewController.h */,
				2AFD5FB81C1DC35E007E7F14 /* ZYDiscoverViewController.m */,
			);
			name = controller;
			sourceTree = "<group>";
		};
		2AFD5FA51C1DC138007E7F14 /* model */ = {
			isa = PBXGroup;
			children = (
			);
			name = model;
			sourceTree = "<group>";
		};
		2AFD5FA61C1DC140007E7F14 /* view */ = {
			isa = PBXGroup;
			children = (
				2A7AECC81C2FA39300D72980 /* ZYTitleButton.h */,
				2A7AECC91C2FA39300D72980 /* ZYTitleButton.m */,
			);
			name = view;
			sourceTree = "<group>";
		};
		2AFD5FA71C1DC145007E7F14 /* controller */ = {
			isa = PBXGroup;
			children = (
				2AFD5FBA1C1DC37A007E7F14 /* ZYHomeViewController.h */,
				2AFD5FBB1C1DC37A007E7F14 /* ZYHomeViewController.m */,
				2A8ACB971C26BCBF00BE976A /* ZYQrcodeViewController.h */,
				2A8ACB981C26BCBF00BE976A /* ZYQrcodeViewController.m */,
				2A8ACB9A1C26BCE100BE976A /* ZYBarCodeViewController.h */,
				2A8ACB9B1C26BCE100BE976A /* ZYBarCodeViewController.m */,
			);
			name = controller;
			sourceTree = "<group>";
		};
		2AFD5FA81C1DC18A007E7F14 /* model */ = {
			isa = PBXGroup;
			children = (
			);
			name = model;
			sourceTree = "<group>";
		};
		2AFD5FA91C1DC192007E7F14 /* view */ = {
			isa = PBXGroup;
			children = (
				476B405A1BFACA7D004347AF /* ZYTabBar.h */,
				476B405B1BFACA7D004347AF /* ZYTabBar.m */,
				476B40601BFB1F91004347AF /* ZYTabbar2.h */,
				476B40611BFB1F91004347AF /* ZYTabbar2.m */,
				476B40631BFB3776004347AF /* ZYTabBarButton.h */,
				476B40641BFB3776004347AF /* ZYTabBarButton.m */,
			);
			name = view;
			sourceTree = "<group>";
		};
		2AFD5FAA1C1DC19A007E7F14 /* controller */ = {
			isa = PBXGroup;
			children = (
				2ABA56121BF9EDB700957B10 /* ZYTabbarController.h */,
				2ABA56131BF9EDB700957B10 /* ZYTabbarController.m */,
				2A8ACB921C26B28300BE976A /* ZYScanViewController.h */,
				2A8ACB931C26B28300BE976A /* ZYScanViewController.m */,
				2A8ACB951C26B30600BE976A /* ZYScanViewController.storyboard */,
			);
			name = controller;
			sourceTree = "<group>";
		};
		2AFD5FAB1C1DC1F6007E7F14 /* message */ = {
			isa = PBXGroup;
			children = (
				2AFD5FAE1C1DC209007E7F14 /* controller */,
				2AFD5FAD1C1DC204007E7F14 /* view */,
				2AFD5FAC1C1DC1FD007E7F14 /* model */,
			);
			name = message;
			sourceTree = "<group>";
		};
		2AFD5FAC1C1DC1FD007E7F14 /* model */ = {
			isa = PBXGroup;
			children = (
			);
			name = model;
			sourceTree = "<group>";
		};
		2AFD5FAD1C1DC204007E7F14 /* view */ = {
			isa = PBXGroup;
			children = (
			);
			name = view;
			sourceTree = "<group>";
		};
		2AFD5FAE1C1DC209007E7F14 /* controller */ = {
			isa = PBXGroup;
			children = (
				2AFD5FB11C1DC330007E7F14 /* ZYMessageViewController.h */,
				2AFD5FB21C1DC330007E7F14 /* ZYMessageViewController.m */,
			);
			name = controller;
			sourceTree = "<group>";
		};
		2AFD5FAF1C1DC22F007E7F14 /* category */ = {
			isa = PBXGroup;
			children = (
				476B405D1BFB0826004347AF /* UIView+Frame.h */,
				476B405E1BFB0826004347AF /* UIView+Frame.m */,
				2A52DAB51C21ADD300A6DD55 /* UIBarButtonItem+Extension.h */,
				2A52DAB61C21ADD300A6DD55 /* UIBarButtonItem+Extension.m */,
			);
			name = category;
			sourceTree = "<group>";
		};
		2AFD5FB01C1DC28D007E7F14 /* libs */ = {
			isa = PBXGroup;
			children = (
			);
			name = libs;
			sourceTree = "<group>";
		};
		69CFAEC0FD4BCD481D81B9F1 /* Pods */ = {
			isa = PBXGroup;
			children = (
				467752EE377832124F26EDAE /* Pods.debug.xcconfig */,
				080875D7BD25AEBC05C95E61 /* Pods.release.xcconfig */,
			);
			name = Pods;
			sourceTree = "<group>";
		};
		9A75C6FFB2EFE2DB877D855B /* Frameworks */ = {
			isa = PBXGroup;
			children = (
				BC3C4FBDF7CED670E5CD5265 /* libPods.a */,
			);
			name = Frameworks;
			sourceTree = "<group>";
		};
/* End PBXGroup section */

/* Begin PBXNativeTarget section */
		2ACCA9831BF85CEC00015259 /* SInaWeiBo */ = {
			isa = PBXNativeTarget;
			buildConfigurationList = 2ACCA9A71BF85CED00015259 /* Build configuration list for PBXNativeTarget "SInaWeiBo" */;
			buildPhases = (
				0AD5F3D7BCD36720E7D9A8C2 /* Check Pods Manifest.lock */,
				2ACCA9801BF85CEC00015259 /* Sources */,
				2ACCA9811BF85CEC00015259 /* Frameworks */,
				2ACCA9821BF85CEC00015259 /* Resources */,
				A5671EC2EDDCE2E274B5A1F8 /* Embed Pods Frameworks */,
				D9D3A6A3F07A2023219D7431 /* Copy Pods Resources */,
			);
			buildRules = (
			);
			dependencies = (
			);
			name = SInaWeiBo;
			productName = SInaWeiBo;
			productReference = 2ACCA9841BF85CEC00015259 /* SInaWeiBo.app */;
			productType = "com.apple.product-type.application";
		};
		2ACCA99C1BF85CED00015259 /* SInaWeiBoTests */ = {
			isa = PBXNativeTarget;
			buildConfigurationList = 2ACCA9AA1BF85CED00015259 /* Build configuration list for PBXNativeTarget "SInaWeiBoTests" */;
			buildPhases = (
				2ACCA9991BF85CED00015259 /* Sources */,
				2ACCA99A1BF85CED00015259 /* Frameworks */,
				2ACCA99B1BF85CED00015259 /* Resources */,
			);
			buildRules = (
			);
			dependencies = (
				2ACCA99F1BF85CED00015259 /* PBXTargetDependency */,
			);
			name = SInaWeiBoTests;
			productName = SInaWeiBoTests;
			productReference = 2ACCA99D1BF85CED00015259 /* SInaWeiBoTests.xctest */;
			productType = "com.apple.product-type.bundle.unit-test";
		};
/* End PBXNativeTarget section */

/* Begin PBXProject section */
		2ACCA97C1BF85CEC00015259 /* Project object */ = {
			isa = PBXProject;
			attributes = {
				CLASSPREFIX = ZY;
				LastUpgradeCheck = 0620;
				ORGANIZATIONNAME = "张瑜";
				TargetAttributes = {
					2ACCA9831BF85CEC00015259 = {
						CreatedOnToolsVersion = 6.2;
					};
					2ACCA99C1BF85CED00015259 = {
						CreatedOnToolsVersion = 6.2;
						TestTargetID = 2ACCA9831BF85CEC00015259;
					};
				};
			};
			buildConfigurationList = 2ACCA97F1BF85CEC00015259 /* Build configuration list for PBXProject "SInaWeiBo" */;
			compatibilityVersion = "Xcode 3.2";
			developmentRegion = English;
			hasScannedForEncodings = 0;
			knownRegions = (
				en,
				Base,
			);
			mainGroup = 2ACCA97B1BF85CEC00015259;
			productRefGroup = 2ACCA9851BF85CEC00015259 /* Products */;
			projectDirPath = "";
			projectRoot = "";
			targets = (
				2ACCA9831BF85CEC00015259 /* SInaWeiBo */,
				2ACCA99C1BF85CED00015259 /* SInaWeiBoTests */,
			);
		};
/* End PBXProject section */

/* Begin PBXResourcesBuildPhase section */
		2ACCA9821BF85CEC00015259 /* Resources */ = {
			isa = PBXResourcesBuildPhase;
			buildActionMask = 2147483647;
			files = (
				2ACCA9951BF85CED00015259 /* Images.xcassets in Resources */,
				2A8ACB961C26B30600BE976A /* ZYScanViewController.storyboard in Resources */,
			);
			runOnlyForDeploymentPostprocessing = 0;
		};
		2ACCA99B1BF85CED00015259 /* Resources */ = {
			isa = PBXResourcesBuildPhase;
			buildActionMask = 2147483647;
			files = (
			);
			runOnlyForDeploymentPostprocessing = 0;
		};
/* End PBXResourcesBuildPhase section */

/* Begin PBXShellScriptBuildPhase section */
		0AD5F3D7BCD36720E7D9A8C2 /* Check Pods Manifest.lock */ = {
			isa = PBXShellScriptBuildPhase;
			buildActionMask = 2147483647;
			files = (
			);
			inputPaths = (
			);
			name = "Check Pods Manifest.lock";
			outputPaths = (
			);
			runOnlyForDeploymentPostprocessing = 0;
			shellPath = /bin/sh;
			shellScript = "diff \"${PODS_ROOT}/../Podfile.lock\" \"${PODS_ROOT}/Manifest.lock\" > /dev/null\nif [[ $? != 0 ]] ; then\n    cat << EOM\nerror: The sandbox is not in sync with the Podfile.lock. Run 'pod install' or update your CocoaPods installation.\nEOM\n    exit 1\nfi\n";
			showEnvVarsInLog = 0;
		};
		A5671EC2EDDCE2E274B5A1F8 /* Embed Pods Frameworks */ = {
			isa = PBXShellScriptBuildPhase;
			buildActionMask = 2147483647;
			files = (
			);
			inputPaths = (
			);
			name = "Embed Pods Frameworks";
			outputPaths = (
			);
			runOnlyForDeploymentPostprocessing = 0;
			shellPath = /bin/sh;
			shellScript = "\"${SRCROOT}/Pods/Target Support Files/Pods/Pods-frameworks.sh\"\n";
			showEnvVarsInLog = 0;
		};
		D9D3A6A3F07A2023219D7431 /* Copy Pods Resources */ = {
			isa = PBXShellScriptBuildPhase;
			buildActionMask = 2147483647;
			files = (
			);
			inputPaths = (
			);
			name = "Copy Pods Resources";
			outputPaths = (
			);
			runOnlyForDeploymentPostprocessing = 0;
			shellPath = /bin/sh;
			shellScript = "\"${SRCROOT}/Pods/Target Support Files/Pods/Pods-resources.sh\"\n";
			showEnvVarsInLog = 0;
		};
/* End PBXShellScriptBuildPhase section */

/* Begin PBXSourcesBuildPhase section */
		2ACCA9801BF85CEC00015259 /* Sources */ = {
			isa = PBXSourcesBuildPhase;
			buildActionMask = 2147483647;
			files = (
				2AFD5FBC1C1DC37A007E7F14 /* ZYHomeViewController.m in Sources */,
				476B40651BFB3776004347AF /* ZYTabBarButton.m in Sources */,
				476B405C1BFACA7D004347AF /* ZYTabBar.m in Sources */,
				2ACCA98D1BF85CED00015259 /* AppDelegate.m in Sources */,
				2A8ACB941C26B28300BE976A /* ZYScanViewController.m in Sources */,
				2A7AECCA1C2FA39300D72980 /* ZYTitleButton.m in Sources */,
				2AFD5FB61C1DC348007E7F14 /* ZYProfileViewController.m in Sources */,
				2A8ACB9C1C26BCE100BE976A /* ZYBarCodeViewController.m in Sources */,
				2AFD5FB31C1DC330007E7F14 /* ZYMessageViewController.m in Sources */,
				2ACCA98A1BF85CED00015259 /* main.m in Sources */,
				2AFD5FB91C1DC35E007E7F14 /* ZYDiscoverViewController.m in Sources */,
				2A52DAB41C21A8D200A6DD55 /* ZYTool.m in Sources */,
				476B40621BFB1F91004347AF /* ZYTabbar2.m in Sources */,
				2A52DAB71C21ADD300A6DD55 /* UIBarButtonItem+Extension.m in Sources */,
				476B405F1BFB0826004347AF /* UIView+Frame.m in Sources */,
				2ABA56141BF9EDB700957B10 /* ZYTabbarController.m in Sources */,
				2A8ACB991C26BCBF00BE976A /* ZYQrcodeViewController.m in Sources */,
			);
			runOnlyForDeploymentPostprocessing = 0;
		};
		2ACCA9991BF85CED00015259 /* Sources */ = {
			isa = PBXSourcesBuildPhase;
			buildActionMask = 2147483647;
			files = (
				2ACCA9A41BF85CED00015259 /* SInaWeiBoTests.m in Sources */,
			);
			runOnlyForDeploymentPostprocessing = 0;
		};
/* End PBXSourcesBuildPhase section */

/* Begin PBXTargetDependency section */
		2ACCA99F1BF85CED00015259 /* PBXTargetDependency */ = {
			isa = PBXTargetDependency;
			target = 2ACCA9831BF85CEC00015259 /* SInaWeiBo */;
			targetProxy = 2ACCA99E1BF85CED00015259 /* PBXContainerItemProxy */;
		};
/* End PBXTargetDependency section */

/* Begin XCBuildConfiguration section */
		2ACCA9A51BF85CED00015259 /* Debug */ = {
			isa = XCBuildConfiguration;
			buildSettings = {
				ALWAYS_SEARCH_USER_PATHS = NO;
				CLANG_CXX_LANGUAGE_STANDARD = "gnu++0x";
				CLANG_CXX_LIBRARY = "libc++";
				CLANG_ENABLE_MODULES = YES;
				CLANG_ENABLE_OBJC_ARC = YES;
				CLANG_WARN_BOOL_CONVERSION = YES;
				CLANG_WARN_CONSTANT_CONVERSION = YES;
				CLANG_WARN_DIRECT_OBJC_ISA_USAGE = YES_ERROR;
				CLANG_WARN_EMPTY_BODY = YES;
				CLANG_WARN_ENUM_CONVERSION = YES;
				CLANG_WARN_INT_CONVERSION = YES;
				CLANG_WARN_OBJC_ROOT_CLASS = YES_ERROR;
				CLANG_WARN_UNREACHABLE_CODE = YES;
				CLANG_WARN__DUPLICATE_METHOD_MATCH = YES;
				"CODE_SIGN_IDENTITY[sdk=iphoneos*]" = "iPhone Developer";
				COPY_PHASE_STRIP = NO;
				ENABLE_STRICT_OBJC_MSGSEND = YES;
				GCC_C_LANGUAGE_STANDARD = gnu99;
				GCC_DYNAMIC_NO_PIC = NO;
				GCC_OPTIMIZATION_LEVEL = 0;
				GCC_PREFIX_HEADER = "";
				GCC_PREPROCESSOR_DEFINITIONS = (
					"DEBUG=1",
					"$(inherited)",
				);
				GCC_SYMBOLS_PRIVATE_EXTERN = NO;
				GCC_WARN_64_TO_32_BIT_CONVERSION = YES;
				GCC_WARN_ABOUT_RETURN_TYPE = YES_ERROR;
				GCC_WARN_UNDECLARED_SELECTOR = YES;
				GCC_WARN_UNINITIALIZED_AUTOS = YES_AGGRESSIVE;
				GCC_WARN_UNUSED_FUNCTION = YES;
				GCC_WARN_UNUSED_VARIABLE = YES;
				IPHONEOS_DEPLOYMENT_TARGET = 8.2;
				MTL_ENABLE_DEBUG_INFO = YES;
				ONLY_ACTIVE_ARCH = YES;
				SDKROOT = iphoneos;
			};
			name = Debug;
		};
		2ACCA9A61BF85CED00015259 /* Release */ = {
			isa = XCBuildConfiguration;
			buildSettings = {
				ALWAYS_SEARCH_USER_PATHS = NO;
				CLANG_CXX_LANGUAGE_STANDARD = "gnu++0x";
				CLANG_CXX_LIBRARY = "libc++";
				CLANG_ENABLE_MODULES = YES;
				CLANG_ENABLE_OBJC_ARC = YES;
				CLANG_WARN_BOOL_CONVERSION = YES;
				CLANG_WARN_CONSTANT_CONVERSION = YES;
				CLANG_WARN_DIRECT_OBJC_ISA_USAGE = YES_ERROR;
				CLANG_WARN_EMPTY_BODY = YES;
				CLANG_WARN_ENUM_CONVERSION = YES;
				CLANG_WARN_INT_CONVERSION = YES;
				CLANG_WARN_OBJC_ROOT_CLASS = YES_ERROR;
				CLANG_WARN_UNREACHABLE_CODE = YES;
				CLANG_WARN__DUPLICATE_METHOD_MATCH = YES;
				"CODE_SIGN_IDENTITY[sdk=iphoneos*]" = "iPhone Developer";
				COPY_PHASE_STRIP = NO;
				ENABLE_NS_ASSERTIONS = NO;
				ENABLE_STRICT_OBJC_MSGSEND = YES;
				GCC_C_LANGUAGE_STANDARD = gnu99;
				GCC_PREFIX_HEADER = "";
				GCC_WARN_64_TO_32_BIT_CONVERSION = YES;
				GCC_WARN_ABOUT_RETURN_TYPE = YES_ERROR;
				GCC_WARN_UNDECLARED_SELECTOR = YES;
				GCC_WARN_UNINITIALIZED_AUTOS = YES_AGGRESSIVE;
				GCC_WARN_UNUSED_FUNCTION = YES;
				GCC_WARN_UNUSED_VARIABLE = YES;
				IPHONEOS_DEPLOYMENT_TARGET = 8.2;
				MTL_ENABLE_DEBUG_INFO = NO;
				SDKROOT = iphoneos;
				VALIDATE_PRODUCT = YES;
			};
			name = Release;
		};
		2ACCA9A81BF85CED00015259 /* Debug */ = {
			isa = XCBuildConfiguration;
			baseConfigurationReference = 467752EE377832124F26EDAE /* Pods.debug.xcconfig */;
			buildSettings = {
				ASSETCATALOG_COMPILER_APPICON_NAME = AppIcon;
				ASSETCATALOG_COMPILER_LAUNCHIMAGE_NAME = LaunchImage;
				GCC_PREFIX_HEADER = "$(SRCROOT)/SInaWeiBo/IWWeiBo.pch";
				INFOPLIST_FILE = SInaWeiBo/Info.plist;
				LD_RUNPATH_SEARCH_PATHS = "$(inherited) @executable_path/Frameworks";
				PRODUCT_NAME = "$(TARGET_NAME)";
			};
			name = Debug;
		};
		2ACCA9A91BF85CED00015259 /* Release */ = {
			isa = XCBuildConfiguration;
			baseConfigurationReference = 080875D7BD25AEBC05C95E61 /* Pods.release.xcconfig */;
			buildSettings = {
				ASSETCATALOG_COMPILER_APPICON_NAME = AppIcon;
				ASSETCATALOG_COMPILER_LAUNCHIMAGE_NAME = LaunchImage;
				GCC_PREFIX_HEADER = "$(SRCROOT)/SInaWeiBo/IWWeiBo.pch";
				INFOPLIST_FILE = SInaWeiBo/Info.plist;
				LD_RUNPATH_SEARCH_PATHS = "$(inherited) @executable_path/Frameworks";
				PRODUCT_NAME = "$(TARGET_NAME)";
			};
			name = Release;
		};
		2ACCA9AB1BF85CED00015259 /* Debug */ = {
			isa = XCBuildConfiguration;
			buildSettings = {
				BUNDLE_LOADER = "$(TEST_HOST)";
				FRAMEWORK_SEARCH_PATHS = (
					"$(SDKROOT)/Developer/Library/Frameworks",
					"$(inherited)",
				);
				GCC_PREPROCESSOR_DEFINITIONS = (
					"DEBUG=1",
					"$(inherited)",
				);
				INFOPLIST_FILE = SInaWeiBoTests/Info.plist;
				LD_RUNPATH_SEARCH_PATHS = "$(inherited) @executable_path/Frameworks @loader_path/Frameworks";
				PRODUCT_NAME = "$(TARGET_NAME)";
				TEST_HOST = "$(BUILT_PRODUCTS_DIR)/SInaWeiBo.app/SInaWeiBo";
			};
			name = Debug;
		};
		2ACCA9AC1BF85CED00015259 /* Release */ = {
			isa = XCBuildConfiguration;
			buildSettings = {
				BUNDLE_LOADER = "$(TEST_HOST)";
				FRAMEWORK_SEARCH_PATHS = (
					"$(SDKROOT)/Developer/Library/Frameworks",
					"$(inherited)",
				);
				INFOPLIST_FILE = SInaWeiBoTests/Info.plist;
				LD_RUNPATH_SEARCH_PATHS = "$(inherited) @executable_path/Frameworks @loader_path/Frameworks";
				PRODUCT_NAME = "$(TARGET_NAME)";
				TEST_HOST = "$(BUILT_PRODUCTS_DIR)/SInaWeiBo.app/SInaWeiBo";
			};
			name = Release;
		};
/* End XCBuildConfiguration section */

/* Begin XCConfigurationList section */
		2ACCA97F1BF85CEC00015259 /* Build configuration list for PBXProject "SInaWeiBo" */ = {
			isa = XCConfigurationList;
			buildConfigurations = (
				2ACCA9A51BF85CED00015259 /* Debug */,
				2ACCA9A61BF85CED00015259 /* Release */,
			);
			defaultConfigurationIsVisible = 0;
			defaultConfigurationName = Release;
		};
		2ACCA9A71BF85CED00015259 /* Build configuration list for PBXNativeTarget "SInaWeiBo" */ = {
			isa = XCConfigurationList;
			buildConfigurations = (
				2ACCA9A81BF85CED00015259 /* Debug */,
				2ACCA9A91BF85CED00015259 /* Release */,
			);
			defaultConfigurationIsVisible = 0;
			defaultConfigurationName = Release;
		};
		2ACCA9AA1BF85CED00015259 /* Build configuration list for PBXNativeTarget "SInaWeiBoTests" */ = {
			isa = XCConfigurationList;
			buildConfigurations = (
				2ACCA9AB1BF85CED00015259 /* Debug */,
				2ACCA9AC1BF85CED00015259 /* Release */,
			);
			defaultConfigurationIsVisible = 0;
			defaultConfigurationName = Release;
		};
/* End XCConfigurationList section */
	};
	rootObject = 2ACCA97C1BF85CEC00015259 /* Project object */;
}
